
Microsoft Visual Studio Solution File, Format Version 12.00
# Visual Studio Version 17
VisualStudioVersion = 17.13.35919.96 d17.13
MinimumVisualStudioVersion = 10.0.40219.1
Project("{FAE04EC0-301F-11D3-BF4B-00C04F79EFBC}") = "WebApp", "WebApp\WebApp.csproj", "{7E7E0744-15BD-416D-840E-E2ED2A42E258}"
EndProject
Global
	GlobalSection(SolutionConfigurationPlatforms) = preSolution
		Debug|Any CPU = Debug|Any CPU
		Release|Any CPU = Release|Any CPU
	EndGlobalSection
	GlobalSection(ProjectConfigurationPlatforms) = postSolution
		{7E7E0744-15BD-416D-840E-E2ED2A42E258}.Debug|Any CPU.ActiveCfg = Debug|Any CPU
		{7E7E0744-15BD-416D-840E-E2ED2A42E258}.Debug|Any CPU.Build.0 = Debug|Any CPU
		{7E7E0744-15BD-416D-840E-E2ED2A42E258}.Release|Any CPU.ActiveCfg = Release|Any CPU
		{7E7E0744-15BD-416D-840E-E2ED2A42E258}.Release|Any CPU.Build.0 = Release|Any CPU
	EndGlobalSection
	GlobalSection(SolutionProperties) = preSolution
		HideSolutionNode = FALSE
	EndGlobalSection
	GlobalSection(ExtensibilityGlobals) = postSolution
		SolutionGuid = {741473AE-87FF-4765-AEEF-AC7BB9C12ACC}
	EndGlobalSection
EndGlobal
